
Microsoft Visual Studio Solution File, Format Version 12.00
# Visual Studio Version 16
VisualStudioVersion = 16.0.31129.286
MinimumVisualStudioVersion = 10.0.40219.1
Project("{FAE04EC0-301F-11D3-BF4B-00C04F79EFBC}") = "DownloadFromInternet", "DownloadFromInternet.csproj", "{C533D241-2293-445C-B4BD-F4CB4A62C69B}"
EndProject
Global
	GlobalSection(SolutionConfigurationPlatforms) = preSolution
		Debug|Any CPU = Debug|Any CPU
		Release|Any CPU = Release|Any CPU
	EndGlobalSection
	GlobalSection(ProjectConfigurationPlatforms) = postSolution
		{C533D241-2293-445C-B4BD-F4CB4A62C69B}.Debug|Any CPU.ActiveCfg = Debug|Any CPU
		{C533D241-2293-445C-B4BD-F4CB4A62C69B}.Debug|Any CPU.Build.0 = Debug|Any CPU
		{C533D241-2293-445C-B4BD-F4CB4A62C69B}.Release|Any CPU.ActiveCfg = Release|Any CPU
		{C533D241-2293-445C-B4BD-F4CB4A62C69B}.Release|Any CPU.Build.0 = Release|Any CPU
	EndGlobalSection
	GlobalSection(SolutionProperties) = preSolution
		HideSolutionNode = FALSE
	EndGlobalSection
	GlobalSection(ExtensibilityGlobals) = postSolution
		SolutionGuid = {D8422FA4-BB95-41A6-B376-546A30EA9C2B}
	EndGlobalSection
EndGlobal
